// !$*UTF8*$!
{
	archiveVersion = 1;
	classes = {
	};
	objectVersion = 46;
	objects = {

/* Begin PBXBuildFile section */
		B94B59B51F251A0700961C20 /* AppDelegate.swift in Sources */ = {isa = PBXBuildFile; fileRef = B94B59AA1F251A0700961C20 /* AppDelegate.swift */; };
		B94B59B61F251A0700961C20 /* Assets.xcassets in Resources */ = {isa = PBXBuildFile; fileRef = B94B59AB1F251A0700961C20 /* Assets.xcassets */; };
		B94B59B71F251A0700961C20 /* LaunchScreen.storyboard in Resources */ = {isa = PBXBuildFile; fileRef = B94B59AC1F251A0700961C20 /* LaunchScreen.storyboard */; };
		B94B59B81F251A0700961C20 /* Main.storyboard in Resources */ = {isa = PBXBuildFile; fileRef = B94B59AE1F251A0700961C20 /* Main.storyboard */; };
		B94B59BA1F251A0700961C20 /* Info.plist in Resources */ = {isa = PBXBuildFile; fileRef = B94B59B11F251A0700961C20 /* Info.plist */; };
		B94B59BB1F251A0700961C20 /* TableCell.swift in Sources */ = {isa = PBXBuildFile; fileRef = B94B59B21F251A0700961C20 /* TableCell.swift */; };
		B94B59BC1F251A0700961C20 /* TypingTableCell.swift in Sources */ = {isa = PBXBuildFile; fileRef = B94B59B31F251A0700961C20 /* TypingTableCell.swift */; };
		B94B59BD1F251A0700961C20 /* ViewController.swift in Sources */ = {isa = PBXBuildFile; fileRef = B94B59B41F251A0700961C20 /* ViewController.swift */; };
		B9B1BF151F2534EA00A3B8B0 /* ChatBotVC.swift in Sources */ = {isa = PBXBuildFile; fileRef = B9B1BF141F2534EA00A3B8B0 /* ChatBotVC.swift */; };
/* End PBXBuildFile section */

/* Begin PBXFileReference section */
		B94B59AA1F251A0700961C20 /* AppDelegate.swift */ = {isa = PBXFileReference; fileEncoding = 4; lastKnownFileType = sourcecode.swift; path = AppDelegate.swift; sourceTree = "<group>"; };
		B94B59AB1F251A0700961C20 /* Assets.xcassets */ = {isa = PBXFileReference; lastKnownFileType = folder.assetcatalog; path = Assets.xcassets; sourceTree = "<group>"; };
		B94B59AD1F251A0700961C20 /* Base */ = {isa = PBXFileReference; lastKnownFileType = file.storyboard; name = Base; path = Base.lproj/LaunchScreen.storyboard; sourceTree = "<group>"; };
		B94B59AF1F251A0700961C20 /* Base */ = {isa = PBXFileReference; lastKnownFileType = file.storyboard; name = Base; path = Base.lproj/Main.storyboard; sourceTree = "<group>"; };
		B94B59B11F251A0700961C20 /* Info.plist */ = {isa = PBXFileReference; fileEncoding = 4; lastKnownFileType = text.plist.xml; path = Info.plist; sourceTree = "<group>"; };
		B94B59B21F251A0700961C20 /* TableCell.swift */ = {isa = PBXFileReference; fileEncoding = 4; lastKnownFileType = sourcecode.swift; path = TableCell.swift; sourceTree = "<group>"; };
		B94B59B31F251A0700961C20 /* TypingTableCell.swift */ = {isa = PBXFileReference; fileEncoding = 4; lastKnownFileType = sourcecode.swift; path = TypingTableCell.swift; sourceTree = "<group>"; };
		B94B59B41F251A0700961C20 /* ViewController.swift */ = {isa = PBXFileReference; fileEncoding = 4; lastKnownFileType = sourcecode.swift; path = ViewController.swift; sourceTree = "<group>"; };
		B9B1BF141F2534EA00A3B8B0 /* ChatBotVC.swift */ = {isa = PBXFileReference; fileEncoding = 4; lastKnownFileType = sourcecode.swift; path = ChatBotVC.swift; sourceTree = "<group>"; };
		B9BEF3331EE7771D002A0AFD /* ChatBot.app */ = {isa = PBXFileReference; explicitFileType = wrapper.application; includeInIndex = 0; path = ChatBot.app; sourceTree = BUILT_PRODUCTS_DIR; };
/* End PBXFileReference section */

/* Begin PBXFrameworksBuildPhase section */
		B9BEF3301EE7771D002A0AFD /* Frameworks */ = {
			isa = PBXFrameworksBuildPhase;
			buildActionMask = 2147483647;
			files = (
			);
			runOnlyForDeploymentPostprocessing = 0;
		};
/* End PBXFrameworksBuildPhase section */

/* Begin PBXGroup section */
		B94B59A91F251A0700961C20 /* ChatBot */ = {
			isa = PBXGroup;
			children = (
				B94B59AA1F251A0700961C20 /* AppDelegate.swift */,
				B94B59AB1F251A0700961C20 /* Assets.xcassets */,
				B94B59AC1F251A0700961C20 /* LaunchScreen.storyboard */,
				B94B59AE1F251A0700961C20 /* Main.storyboard */,
				B9B1BF141F2534EA00A3B8B0 /* ChatBotVC.swift */,
				B94B59B21F251A0700961C20 /* TableCell.swift */,
				B94B59B31F251A0700961C20 /* TypingTableCell.swift */,
				B94B59B41F251A0700961C20 /* ViewController.swift */,
				B94B59B11F251A0700961C20 /* Info.plist */,
			);
			path = ChatBot;
			sourceTree = "<group>";
		};
		B9BEF32A1EE7771D002A0AFD = {
			isa = PBXGroup;
			children = (
				B94B59A91F251A0700961C20 /* ChatBot */,
				B9BEF3341EE7771D002A0AFD /* Products */,
			);
			sourceTree = "<group>";
		};
		B9BEF3341EE7771D002A0AFD /* Products */ = {
			isa = PBXGroup;
			children = (
				B9BEF3331EE7771D002A0AFD /* ChatBot.app */,
			);
			name = Products;
			sourceTree = "<group>";
		};
/* End PBXGroup section */

/* Begin PBXNativeTarget section */
		B9BEF3321EE7771D002A0AFD /* ChatBot */ = {
			isa = PBXNativeTarget;
			buildConfigurationList = B9BEF3451EE7771D002A0AFD /* Build configuration list for PBXNativeTarget "ChatBot" */;
			buildPhases = (
				B9BEF32F1EE7771D002A0AFD /* Sources */,
				B9BEF3301EE7771D002A0AFD /* Frameworks */,
				B9BEF3311EE7771D002A0AFD /* Resources */,
			);
			buildRules = (
			);
			dependencies = (
			);
			name = ChatBot;
			productName = HelpBot;
			productReference = B9BEF3331EE7771D002A0AFD /* ChatBot.app */;
			productType = "com.apple.product-type.application";
		};
/* End PBXNativeTarget section */

/* Begin PBXProject section */
		B9BEF32B1EE7771D002A0AFD /* Project object */ = {
			isa = PBXProject;
			attributes = {
				LastSwiftUpdateCheck = 0830;
				LastUpgradeCheck = 0830;
				ORGANIZATIONNAME = Kranti;
				TargetAttributes = {
					B9BEF3321EE7771D002A0AFD = {
						CreatedOnToolsVersion = 8.3.2;
						ProvisioningStyle = Automatic;
					};
				};
			};
			buildConfigurationList = B9BEF32E1EE7771D002A0AFD /* Build configuration list for PBXProject "ChatBot" */;
			compatibilityVersion = "Xcode 3.2";
			developmentRegion = English;
			hasScannedForEncodings = 0;
			knownRegions = (
				en,
				Base,
			);
			mainGroup = B9BEF32A1EE7771D002A0AFD;
			productRefGroup = B9BEF3341EE7771D002A0AFD /* Products */;
			projectDirPath = "";
			projectRoot = "";
			targets = (
				B9BEF3321EE7771D002A0AFD /* ChatBot */,
			);
		};
/* End PBXProject section */

/* Begin PBXResourcesBuildPhase section */
		B9BEF3311EE7771D002A0AFD /* Resources */ = {
			isa = PBXResourcesBuildPhase;
			buildActionMask = 2147483647;
			files = (
				B94B59BA1F251A0700961C20 /* Info.plist in Resources */,
				B94B59B81F251A0700961C20 /* Main.storyboard in Resources */,
				B94B59B61F251A0700961C20 /* Assets.xcassets in Resources */,
				B94B59B71F251A0700961C20 /* LaunchScreen.storyboard in Resources */,
			);
			runOnlyForDeploymentPostprocessing = 0;
		};
/* End PBXResourcesBuildPhase section */

/* Begin PBXSourcesBuildPhase section */
		B9BEF32F1EE7771D002A0AFD /* Sources */ = {
			isa = PBXSourcesBuildPhase;
			buildActionMask = 2147483647;
			files = (
				B94B59BD1F251A0700961C20 /* ViewController.swift in Sources */,
				B94B59BB1F251A0700961C20 /* TableCell.swift in Sources */,
				B94B59B51F251A0700961C20 /* AppDelegate.swift in Sources */,
				B94B59BC1F251A0700961C20 /* TypingTableCell.swift in Sources */,
				B9B1BF151F2534EA00A3B8B0 /* ChatBotVC.swift in Sources */,
			);
			runOnlyForDeploymentPostprocessing = 0;
		};
/* End PBXSourcesBuildPhase section */

/* Begin PBXVariantGroup section */
		B94B59AC1F251A0700961C20 /* LaunchScreen.storyboard */ = {
			isa = PBXVariantGroup;
			children = (
				B94B59AD1F251A0700961C20 /* Base */,
			);
			name = LaunchScreen.storyboard;
			sourceTree = "<group>";
		};
		B94B59AE1F251A0700961C20 /* Main.storyboard */ = {
			isa = PBXVariantGroup;
			children = (
				B94B59AF1F251A0700961C20 /* Base */,
			);
			name = Main.storyboard;
			sourceTree = "<group>";
		};
/* End PBXVariantGroup section */

/* Begin XCBuildConfiguration section */
		B9BEF3431EE7771D002A0AFD /* Debug */ = {
			isa = XCBuildConfiguration;
			buildSettings = {
				ALWAYS_SEARCH_USER_PATHS = NO;
				CLANG_ANALYZER_NONNULL = YES;
				CLANG_ANALYZER_NUMBER_OBJECT_CONVERSION = YES_AGGRESSIVE;
				CLANG_CXX_LANGUAGE_STANDARD = "gnu++0x";
				CLANG_CXX_LIBRARY = "libc++";
				CLANG_ENABLE_MODULES = YES;
				CLANG_ENABLE_OBJC_ARC = YES;
				CLANG_WARN_BOOL_CONVERSION = YES;
				CLANG_WARN_CONSTANT_CONVERSION = YES;
				CLANG_WARN_DIRECT_OBJC_ISA_USAGE = YES_ERROR;
				CLANG_WARN_DOCUMENTATION_COMMENTS = YES;
				CLANG_WARN_EMPTY_BODY = YES;
				CLANG_WARN_ENUM_CONVERSION = YES;
				CLANG_WARN_INFINITE_RECURSION = YES;
				CLANG_WARN_INT_CONVERSION = YES;
				CLANG_WARN_OBJC_ROOT_CLASS = YES_ERROR;
				CLANG_WARN_SUSPICIOUS_MOVE = YES;
				CLANG_WARN_UNREACHABLE_CODE = YES;
				CLANG_WARN__DUPLICATE_METHOD_MATCH = YES;
				"CODE_SIGN_IDENTITY[sdk=iphoneos*]" = "iPhone Developer";
				COPY_PHASE_STRIP = NO;
				DEBUG_INFORMATION_FORMAT = dwarf;
				ENABLE_STRICT_OBJC_MSGSEND = YES;
				ENABLE_TESTABILITY = YES;
				GCC_C_LANGUAGE_STANDARD = gnu99;
				GCC_DYNAMIC_NO_PIC = NO;
				GCC_NO_COMMON_BLOCKS = YES;
				GCC_OPTIMIZATION_LEVEL = 0;
				GCC_PREPROCESSOR_DEFINITIONS = (
					"DEBUG=1",
					"$(inherited)",
				);
				GCC_WARN_64_TO_32_BIT_CONVERSION = YES;
				GCC_WARN_ABOUT_RETURN_TYPE = YES_ERROR;
				GCC_WARN_UNDECLARED_SELECTOR = YES;
				GCC_WARN_UNINITIALIZED_AUTOS = YES_AGGRESSIVE;
				GCC_WARN_UNUSED_FUNCTION = YES;
				GCC_WARN_UNUSED_VARIABLE = YES;
				IPHONEOS_DEPLOYMENT_TARGET = 10.3;
				MTL_ENABLE_DEBUG_INFO = YES;
				ONLY_ACTIVE_ARCH = YES;
				SDKROOT = iphoneos;
				SWIFT_ACTIVE_COMPILATION_CONDITIONS = DEBUG;
				SWIFT_OPTIMIZATION_LEVEL = "-Onone";
				TARGETED_DEVICE_FAMILY = "1,2";
			};
			name = Debug;
		};
		B9BEF3441EE7771D002A0AFD /* Release */ = {
			isa = XCBuildConfiguration;
			buildSettings = {
				ALWAYS_SEARCH_USER_PATHS = NO;
				CLANG_ANALYZER_NONNULL = YES;
				CLANG_ANALYZER_NUMBER_OBJECT_CONVERSION = YES_AGGRESSIVE;
				CLANG_CXX_LANGUAGE_STANDARD = "gnu++0x";
				CLANG_CXX_LIBRARY = "libc++";
				CLANG_ENABLE_MODULES = YES;
				CLANG_ENABLE_OBJC_ARC = YES;
				CLANG_WARN_BOOL_CONVERSION = YES;
				CLANG_WARN_CONSTANT_CONVERSION = YES;
				CLANG_WARN_DIRECT_OBJC_ISA_USAGE = YES_ERROR;
				CLANG_WARN_DOCUMENTATION_COMMENTS = YES;
				CLANG_WARN_EMPTY_BODY = YES;
				CLANG_WARN_ENUM_CONVERSION = YES;
				CLANG_WARN_INFINITE_RECURSION = YES;
				CLANG_WARN_INT_CONVERSION = YES;
				CLANG_WARN_OBJC_ROOT_CLASS = YES_ERROR;
				CLANG_WARN_SUSPICIOUS_MOVE = YES;
				CLANG_WARN_UNREACHABLE_CODE = YES;
				CLANG_WARN__DUPLICATE_METHOD_MATCH = YES;
				"CODE_SIGN_IDENTITY[sdk=iphoneos*]" = "iPhone Developer";
				COPY_PHASE_STRIP = NO;
				DEBUG_INFORMATION_FORMAT = "dwarf-with-dsym";
				ENABLE_NS_ASSERTIONS = NO;
				ENABLE_STRICT_OBJC_MSGSEND = YES;
				GCC_C_LANGUAGE_STANDARD = gnu99;
				GCC_NO_COMMON_BLOCKS = YES;
				GCC_WARN_64_TO_32_BIT_CONVERSION = YES;
				GCC_WARN_ABOUT_RETURN_TYPE = YES_ERROR;
				GCC_WARN_UNDECLARED_SELECTOR = YES;
				GCC_WARN_UNINITIALIZED_AUTOS = YES_AGGRESSIVE;
				GCC_WARN_UNUSED_FUNCTION = YES;
				GCC_WARN_UNUSED_VARIABLE = YES;
				IPHONEOS_DEPLOYMENT_TARGET = 10.3;
				MTL_ENABLE_DEBUG_INFO = NO;
				SDKROOT = iphoneos;
				SWIFT_OPTIMIZATION_LEVEL = "-Owholemodule";
				TARGETED_DEVICE_FAMILY = "1,2";
				VALIDATE_PRODUCT = YES;
			};
			name = Release;
		};
		B9BEF3461EE7771D002A0AFD /* Debug */ = {
			isa = XCBuildConfiguration;
			buildSettings = {
				ASSETCATALOG_COMPILER_APPICON_NAME = AppIcon;
				INFOPLIST_FILE = ChatBot/Info.plist;
				LD_RUNPATH_SEARCH_PATHS = "$(inherited) @executable_path/Frameworks";
				PRODUCT_BUNDLE_IDENTIFIER = xorture.ChatBot;
				PRODUCT_NAME = "$(TARGET_NAME)";
				SWIFT_VERSION = 3.0;
			};
			name = Debug;
		};
		B9BEF3471EE7771D002A0AFD /* Release */ = {
			isa = XCBuildConfiguration;
			buildSettings = {
				ASSETCATALOG_COMPILER_APPICON_NAME = AppIcon;
				INFOPLIST_FILE = ChatBot/Info.plist;
				LD_RUNPATH_SEARCH_PATHS = "$(inherited) @executable_path/Frameworks";
				PRODUCT_BUNDLE_IDENTIFIER = xorture.ChatBot;
				PRODUCT_NAME = "$(TARGET_NAME)";
				SWIFT_VERSION = 3.0;
			};
			name = Release;
		};
/* End XCBuildConfiguration section */

/* Begin XCConfigurationList section */
		B9BEF32E1EE7771D002A0AFD /* Build configuration list for PBXProject "ChatBot" */ = {
			isa = XCConfigurationList;
			buildConfigurations = (
				B9BEF3431EE7771D002A0AFD /* Debug */,
				B9BEF3441EE7771D002A0AFD /* Release */,
			);
			defaultConfigurationIsVisible = 0;
			defaultConfigurationName = Release;
		};
		B9BEF3451EE7771D002A0AFD /* Build configuration list for PBXNativeTarget "ChatBot" */ = {
			isa = XCConfigurationList;
			buildConfigurations = (
				B9BEF3461EE7771D002A0AFD /* Debug */,
				B9BEF3471EE7771D002A0AFD /* Release */,
			);
			defaultConfigurationIsVisible = 0;
			defaultConfigurationName = Release;
		};
/* End XCConfigurationList section */
	};
	rootObject = B9BEF32B1EE7771D002A0AFD /* Project object */;
}
